
Microsoft Visual Studio Solution File, Format Version 12.00
# Visual Studio Version 17
VisualStudioVersion = 17.7.34024.191
MinimumVisualStudioVersion = 10.0.40219.1
Project("{9A19103F-16F7-4668-BE54-9A1E7A4F7556}") = "SchoolManagementAPI", "SchoolManagementAPI\SchoolManagementAPI.csproj", "{55F60C46-F627-4F12-8E85-AFACFD78E10F}"
EndProject
Project("{9A19103F-16F7-4668-BE54-9A1E7A4F7556}") = "BusinessObjects", "BusinessObjects\BusinessObjects.csproj", "{BE8E2407-0B66-41E5-8F91-2D35ED304BF8}"
EndProject
Project("{9A19103F-16F7-4668-BE54-9A1E7A4F7556}") = "SchoolManagementDAO", "SchoolManagementDAO\SchoolManagementDAO.csproj", "{A8000A7A-30E6-462B-AF90-3DD5083ABF85}"
EndProject
Project("{FAE04EC0-301F-11D3-BF4B-00C04F79EFBC}") = "SchoolRepository", "SchoolRepository\SchoolRepository.csproj", "{76C046B9-B931-4E09-B249-8EFB8F1F13B1}"
EndProject
Project("{FAE04EC0-301F-11D3-BF4B-00C04F79EFBC}") = "SchoolService", "SchoolService\SchoolService.csproj", "{865DB177-2A33-4C5B-A6CD-A1ACCC258DBA}"
EndProject
Global
	GlobalSection(SolutionConfigurationPlatforms) = preSolution
		Debug|Any CPU = Debug|Any CPU
		Release|Any CPU = Release|Any CPU
	EndGlobalSection
	GlobalSection(ProjectConfigurationPlatforms) = postSolution
		{55F60C46-F627-4F12-8E85-AFACFD78E10F}.Debug|Any CPU.ActiveCfg = Debug|Any CPU
		{55F60C46-F627-4F12-8E85-AFACFD78E10F}.Debug|Any CPU.Build.0 = Debug|Any CPU
		{55F60C46-F627-4F12-8E85-AFACFD78E10F}.Release|Any CPU.ActiveCfg = Release|Any CPU
		{55F60C46-F627-4F12-8E85-AFACFD78E10F}.Release|Any CPU.Build.0 = Release|Any CPU
		{BE8E2407-0B66-41E5-8F91-2D35ED304BF8}.Debug|Any CPU.ActiveCfg = Debug|Any CPU
		{BE8E2407-0B66-41E5-8F91-2D35ED304BF8}.Debug|Any CPU.Build.0 = Debug|Any CPU
		{BE8E2407-0B66-41E5-8F91-2D35ED304BF8}.Release|Any CPU.ActiveCfg = Release|Any CPU
		{BE8E2407-0B66-41E5-8F91-2D35ED304BF8}.Release|Any CPU.Build.0 = Release|Any CPU
		{A8000A7A-30E6-462B-AF90-3DD5083ABF85}.Debug|Any CPU.ActiveCfg = Debug|Any CPU
		{A8000A7A-30E6-462B-AF90-3DD5083ABF85}.Debug|Any CPU.Build.0 = Debug|Any CPU
		{A8000A7A-30E6-462B-AF90-3DD5083ABF85}.Release|Any CPU.ActiveCfg = Release|Any CPU
		{A8000A7A-30E6-462B-AF90-3DD5083ABF85}.Release|Any CPU.Build.0 = Release|Any CPU
		{76C046B9-B931-4E09-B249-8EFB8F1F13B1}.Debug|Any CPU.ActiveCfg = Debug|Any CPU
		{76C046B9-B931-4E09-B249-8EFB8F1F13B1}.Debug|Any CPU.Build.0 = Debug|Any CPU
		{76C046B9-B931-4E09-B249-8EFB8F1F13B1}.Release|Any CPU.ActiveCfg = Release|Any CPU
		{76C046B9-B931-4E09-B249-8EFB8F1F13B1}.Release|Any CPU.Build.0 = Release|Any CPU
		{865DB177-2A33-4C5B-A6CD-A1ACCC258DBA}.Debug|Any CPU.ActiveCfg = Debug|Any CPU
		{865DB177-2A33-4C5B-A6CD-A1ACCC258DBA}.Debug|Any CPU.Build.0 = Debug|Any CPU
		{865DB177-2A33-4C5B-A6CD-A1ACCC258DBA}.Release|Any CPU.ActiveCfg = Release|Any CPU
		{865DB177-2A33-4C5B-A6CD-A1ACCC258DBA}.Release|Any CPU.Build.0 = Release|Any CPU
	EndGlobalSection
	GlobalSection(SolutionProperties) = preSolution
		HideSolutionNode = FALSE
	EndGlobalSection
	GlobalSection(ExtensibilityGlobals) = postSolution
		SolutionGuid = {80824FAD-D2A4-460B-AD18-560A9BA0BFC0}
	EndGlobalSection
EndGlobal
